
Microsoft Visual Studio Solution File, Format Version 12.00
# Visual Studio Version 17
VisualStudioVersion = 17.9.34728.123
MinimumVisualStudioVersion = 10.0.40219.1
Project("{FAE04EC0-301F-11D3-BF4B-00C04F79EFBC}") = "ConsoleApp.Lists", "ConsoleApp.Lists.csproj", "{BA4391BF-5477-4A5C-B9A3-B9B81F91B9A5}"
EndProject
Global
	GlobalSection(SolutionConfigurationPlatforms) = preSolution
		Debug|Any CPU = Debug|Any CPU
		Release|Any CPU = Release|Any CPU
	EndGlobalSection
	GlobalSection(ProjectConfigurationPlatforms) = postSolution
		{BA4391BF-5477-4A5C-B9A3-B9B81F91B9A5}.Debug|Any CPU.ActiveCfg = Debug|Any CPU
		{BA4391BF-5477-4A5C-B9A3-B9B81F91B9A5}.Debug|Any CPU.Build.0 = Debug|Any CPU
		{BA4391BF-5477-4A5C-B9A3-B9B81F91B9A5}.Release|Any CPU.ActiveCfg = Release|Any CPU
		{BA4391BF-5477-4A5C-B9A3-B9B81F91B9A5}.Release|Any CPU.Build.0 = Release|Any CPU
	EndGlobalSection
	GlobalSection(SolutionProperties) = preSolution
		HideSolutionNode = FALSE
	EndGlobalSection
	GlobalSection(ExtensibilityGlobals) = postSolution
		SolutionGuid = {061F17DA-FFFB-4F42-87B5-CCF462F8513D}
	EndGlobalSection
EndGlobal
